{
  "name": "bigbrother",
  "lockfileVersion": 2,
  "requires": true,
  "packages": {
    "": {
      "dependencies": {
        "chart.js": "^3.3.0",
        "chartjs-adapter-luxon": "^1.0.0",
        "luxon": "^1.27.0",
        "uglify-js": "^3.13.9"
      }
    },
    "node_modules/chart.js": {
      "version": "3.5.0",
      "resolved": "https://registry.npmjs.org/chart.js/-/chart.js-3.5.0.tgz",
      "integrity": "sha512-J1a4EAb1Gi/KbhwDRmoovHTRuqT8qdF0kZ4XgwxpGethJHUdDrkqyPYwke0a+BuvSeUxPf8Cos6AX2AB8H8GLA=="
    },
    "node_modules/chartjs-adapter-luxon": {
      "version": "1.0.0",
      "resolved": "https://registry.npmjs.org/chartjs-adapter-luxon/-/chartjs-adapter-luxon-1.0.0.tgz",
      "integrity": "sha512-oy4iH4o6+8FqDoHYsEmUAB8+q8QO+vERDDHkmODm+MwWW1cet02wHN2KYvidwgBLYUX0laNWaWGN7l8Thac2Zg==",
      "peerDependencies": {
        "chart.js": "^3.0.0",
        "luxon": "^1.0.0"
      }
    },
    "node_modules/luxon": {
      "version": "1.28.0",
      "resolved": "https://registry.npmjs.org/luxon/-/luxon-1.28.0.tgz",
      "integrity": "sha512-TfTiyvZhwBYM/7QdAVDh+7dBTBA29v4ik0Ce9zda3Mnf8on1S5KJI8P2jKFZ8+5C0jhmr0KwJEO/Wdpm0VeWJQ==",
      "engines": {
        "node": "*"
      }
    },
    "node_modules/uglify-js": {
      "version": "3.14.1",
      "resolved": "https://registry.npmjs.org/uglify-js/-/uglify-js-3.14.1.tgz",
      "integrity": "sha512-JhS3hmcVaXlp/xSo3PKY5R0JqKs5M3IV+exdLHW99qKvKivPO4Z8qbej6mte17SOPqAOVMjt/XGgWacnFSzM3g==",
      "bin": {
        "uglifyjs": "bin/uglifyjs"
      },
      "engines": {
        "node": ">=0.8.0"
      }
    }
  },
  "dependencies": {
    "chart.js": {
      "version": "3.5.0",
      "resolved": "https://registry.npmjs.org/chart.js/-/chart.js-3.5.0.tgz",
      "integrity": "sha512-J1a4EAb1Gi/KbhwDRmoovHTRuqT8qdF0kZ4XgwxpGethJHUdDrkqyPYwke0a+BuvSeUxPf8Cos6AX2AB8H8GLA=="
    },
    "chartjs-adapter-luxon": {
      "version": "1.0.0",
      "resolved": "https://registry.npmjs.org/chartjs-adapter-luxon/-/chartjs-adapter-luxon-1.0.0.tgz",
      "integrity": "sha512-oy4iH4o6+8FqDoHYsEmUAB8+q8QO+vERDDHkmODm+MwWW1cet02wHN2KYvidwgBLYUX0laNWaWGN7l8Thac2Zg==",
      "requires": {}
    },
    "luxon": {
      "version": "1.28.0",
      "resolved": "https://registry.npmjs.org/luxon/-/luxon-1.28.0.tgz",
      "integrity": "sha512-TfTiyvZhwBYM/7QdAVDh+7dBTBA29v4ik0Ce9zda3Mnf8on1S5KJI8P2jKFZ8+5C0jhmr0KwJEO/Wdpm0VeWJQ=="
    },
    "uglify-js": {
      "version": "3.14.1",
      "resolved": "https://registry.npmjs.org/uglify-js/-/uglify-js-3.14.1.tgz",
      "integrity": "sha512-JhS3hmcVaXlp/xSo3PKY5R0JqKs5M3IV+exdLHW99qKvKivPO4Z8qbej6mte17SOPqAOVMjt/XGgWacnFSzM3g=="
    }
  }
}
